
Microsoft Visual Studio Solution File, Format Version 12.00
# Visual Studio Version 17
VisualStudioVersion = 17.7.34024.191
MinimumVisualStudioVersion = 10.0.40219.1
Project("{FAE04EC0-301F-11D3-BF4B-00C04F79EFBC}") = "Website", "Website\Website.csproj", "{E520831C-D2AF-4672-9D58-7ABBEDEDBA9A}"
EndProject
Global
	GlobalSection(SolutionConfigurationPlatforms) = preSolution
		Debug|Any CPU = Debug|Any CPU
		Release|Any CPU = Release|Any CPU
	EndGlobalSection
	GlobalSection(ProjectConfigurationPlatforms) = postSolution
		{E520831C-D2AF-4672-9D58-7ABBEDEDBA9A}.Debug|Any CPU.ActiveCfg = Debug|Any CPU
		{E520831C-D2AF-4672-9D58-7ABBEDEDBA9A}.Debug|Any CPU.Build.0 = Debug|Any CPU
		{E520831C-D2AF-4672-9D58-7ABBEDEDBA9A}.Release|Any CPU.ActiveCfg = Release|Any CPU
		{E520831C-D2AF-4672-9D58-7ABBEDEDBA9A}.Release|Any CPU.Build.0 = Release|Any CPU
	EndGlobalSection
	GlobalSection(SolutionProperties) = preSolution
		HideSolutionNode = FALSE
	EndGlobalSection
	GlobalSection(ExtensibilityGlobals) = postSolution
		SolutionGuid = {15E3DA17-812D-47F8-9F28-D32C7F327F69}
	EndGlobalSection
EndGlobal
